
Microsoft Visual Studio Solution File, Format Version 12.00
# Visual Studio Version 16
VisualStudioVersion = 16.0.29021.104
MinimumVisualStudioVersion = 10.0.40219.1
Project("{FAE04EC0-301F-11D3-BF4B-00C04F79EFBC}") = "depth of nested parenthesis in a string", "depth of nested parenthesis in a string\depth of nested parenthesis in a string.csproj", "{5B277207-9305-4290-A9B1-D0820412578B}"
EndProject
Global
	GlobalSection(SolutionConfigurationPlatforms) = preSolution
		Debug|Any CPU = Debug|Any CPU
		Release|Any CPU = Release|Any CPU
	EndGlobalSection
	GlobalSection(ProjectConfigurationPlatforms) = postSolution
		{5B277207-9305-4290-A9B1-D0820412578B}.Debug|Any CPU.ActiveCfg = Debug|Any CPU
		{5B277207-9305-4290-A9B1-D0820412578B}.Debug|Any CPU.Build.0 = Debug|Any CPU
		{5B277207-9305-4290-A9B1-D0820412578B}.Release|Any CPU.ActiveCfg = Release|Any CPU
		{5B277207-9305-4290-A9B1-D0820412578B}.Release|Any CPU.Build.0 = Release|Any CPU
	EndGlobalSection
	GlobalSection(SolutionProperties) = preSolution
		HideSolutionNode = FALSE
	EndGlobalSection
	GlobalSection(ExtensibilityGlobals) = postSolution
		SolutionGuid = {E6ED2ADD-D975-4F86-A5A5-00AD9772145D}
	EndGlobalSection
EndGlobal
